<Solution>
  <Folder Name="/Solution Items/">
    <File Path="../Native/PhotonLab.Native/CMakeLists.txt" />
  </Folder>
  <Project Path="../Tests/PhotonLab.DesktopIntegrationTests/PhotonLab.DesktopIntegrationTests.csproj" />
  <Project Path="PhotonLab.Core/PhotonLab.Core.csproj" />
  <Project Path="PhotonLab.Desktop/PhotonLab.Desktop.csproj" />
</Solution>
